
Microsoft Visual Studio Solution File, Format Version 12.00
# Visual Studio Version 16
VisualStudioVersion = 16.0.29926.136
MinimumVisualStudioVersion = 10.0.40219.1
Project("{FAE04EC0-301F-11D3-BF4B-00C04F79EFBC}") = "Lab1", "Lab1\Lab1.csproj", "{ACDF106E-F020-4692-8216-6D09204DB123}"
EndProject
Global
	GlobalSection(SolutionConfigurationPlatforms) = preSolution
		Debug|Any CPU = Debug|Any CPU
		Release|Any CPU = Release|Any CPU
	EndGlobalSection
	GlobalSection(ProjectConfigurationPlatforms) = postSolution
		{ACDF106E-F020-4692-8216-6D09204DB123}.Debug|Any CPU.ActiveCfg = Debug|Any CPU
		{ACDF106E-F020-4692-8216-6D09204DB123}.Debug|Any CPU.Build.0 = Debug|Any CPU
		{ACDF106E-F020-4692-8216-6D09204DB123}.Release|Any CPU.ActiveCfg = Release|Any CPU
		{ACDF106E-F020-4692-8216-6D09204DB123}.Release|Any CPU.Build.0 = Release|Any CPU
	EndGlobalSection
	GlobalSection(SolutionProperties) = preSolution
		HideSolutionNode = FALSE
	EndGlobalSection
	GlobalSection(ExtensibilityGlobals) = postSolution
		SolutionGuid = {BEC8C1BB-6272-4591-9186-93C7F7582DC5}
	EndGlobalSection
EndGlobal
